
Microsoft Visual Studio Solution File, Format Version 12.00
# Visual Studio Version 16
VisualStudioVersion = 16.0.29306.81
MinimumVisualStudioVersion = 10.0.40219.1
Project("{FAE04EC0-301F-11D3-BF4B-00C04F79EFBC}") = "OutlookClient.App", "OutlookClient.App\OutlookClient.App.csproj", "{81659301-3B94-45EA-9161-4A53FDAA1521}"
EndProject
Project("{2150E333-8FDC-42A3-9474-1A3956D46DE8}") = "Tests", "Tests", "{0870F32B-68A8-45A1-9341-8D1E6756EF99}"
EndProject
Project("{FAE04EC0-301F-11D3-BF4B-00C04F79EFBC}") = "OutlookClient.App.Tests", "Tests\OutlookClient.App.Tests\OutlookClient.App.Tests.csproj", "{B3A78F1E-686D-426F-A577-4176FADA1285}"
EndProject
Project("{FAE04EC0-301F-11D3-BF4B-00C04F79EFBC}") = "OutlookClient.Services", "OutlookClient.Services\OutlookClient.Services.csproj", "{9CBEF71D-1E2D-4F91-9502-05D5930D5A39}"
EndProject
Project("{FAE04EC0-301F-11D3-BF4B-00C04F79EFBC}") = "OutlookClient.Services.Tests", "Tests\OutlookClient.Services.Tests\OutlookClient.Services.Tests.csproj", "{F02F21F0-71DE-4E0F-96F7-80F398BD850E}"
EndProject
Global
	GlobalSection(SolutionConfigurationPlatforms) = preSolution
		Debug|Any CPU = Debug|Any CPU
		Release|Any CPU = Release|Any CPU
	EndGlobalSection
	GlobalSection(ProjectConfigurationPlatforms) = postSolution
		{81659301-3B94-45EA-9161-4A53FDAA1521}.Debug|Any CPU.ActiveCfg = Debug|Any CPU
		{81659301-3B94-45EA-9161-4A53FDAA1521}.Debug|Any CPU.Build.0 = Debug|Any CPU
		{81659301-3B94-45EA-9161-4A53FDAA1521}.Release|Any CPU.ActiveCfg = Release|Any CPU
		{81659301-3B94-45EA-9161-4A53FDAA1521}.Release|Any CPU.Build.0 = Release|Any CPU
		{B3A78F1E-686D-426F-A577-4176FADA1285}.Debug|Any CPU.ActiveCfg = Debug|Any CPU
		{B3A78F1E-686D-426F-A577-4176FADA1285}.Debug|Any CPU.Build.0 = Debug|Any CPU
		{B3A78F1E-686D-426F-A577-4176FADA1285}.Release|Any CPU.ActiveCfg = Release|Any CPU
		{B3A78F1E-686D-426F-A577-4176FADA1285}.Release|Any CPU.Build.0 = Release|Any CPU
		{9CBEF71D-1E2D-4F91-9502-05D5930D5A39}.Debug|Any CPU.ActiveCfg = Debug|Any CPU
		{9CBEF71D-1E2D-4F91-9502-05D5930D5A39}.Debug|Any CPU.Build.0 = Debug|Any CPU
		{9CBEF71D-1E2D-4F91-9502-05D5930D5A39}.Release|Any CPU.ActiveCfg = Release|Any CPU
		{9CBEF71D-1E2D-4F91-9502-05D5930D5A39}.Release|Any CPU.Build.0 = Release|Any CPU
		{F02F21F0-71DE-4E0F-96F7-80F398BD850E}.Debug|Any CPU.ActiveCfg = Debug|Any CPU
		{F02F21F0-71DE-4E0F-96F7-80F398BD850E}.Debug|Any CPU.Build.0 = Debug|Any CPU
		{F02F21F0-71DE-4E0F-96F7-80F398BD850E}.Release|Any CPU.ActiveCfg = Release|Any CPU
		{F02F21F0-71DE-4E0F-96F7-80F398BD850E}.Release|Any CPU.Build.0 = Release|Any CPU
	EndGlobalSection
	GlobalSection(SolutionProperties) = preSolution
		HideSolutionNode = FALSE
	EndGlobalSection
	GlobalSection(NestedProjects) = preSolution
		{B3A78F1E-686D-426F-A577-4176FADA1285} = {0870F32B-68A8-45A1-9341-8D1E6756EF99}
		{F02F21F0-71DE-4E0F-96F7-80F398BD850E} = {0870F32B-68A8-45A1-9341-8D1E6756EF99}
	EndGlobalSection
	GlobalSection(ExtensibilityGlobals) = postSolution
		SolutionGuid = {4A40A88F-F834-4CBE-8E08-5C4ECEB1D01A}
	EndGlobalSection
EndGlobal
